{
  "nodes": {
    "chaotic": {
      "inputs": {
        "flake-schemas": "flake-schemas",
        "home-manager": "home-manager",
        "nixpkgs": "nixpkgs"
      },
      "locked": {
        "lastModified": 1784296147,
        "narHash": "sha256-QVTkr/X8bEHr2dZNeHBG4+GX0MfYpP6LWqUTojxUD+8=",
        "owner": "chaotic-cx",
        "repo": "nyx",
        "rev": "7641abc6f0af1496cbb812613d9db6f74e9e1e4a",
        "type": "github"
      },
      "original": {
        "owner": "chaotic-cx",
        "ref": "nyxpkgs-unstable",
        "repo": "nyx",
        "type": "github"
      }
    },
    "flake-parts": {
      "inputs": {
        "nixpkgs-lib": [
          "nixpkgs"
        ]
      },
      "locked": {
        "lastModified": 1782949081,
        "narHash": "sha256-vp6Y/Grm98ESt6ceOkWiHWyZRDV3J1RID4w+6NWK9yA=",
        "owner": "hercules-ci",
        "repo": "flake-parts",
        "rev": "17c9d6cdfc60c64f4ee8d306f9bc0b4ccb51481e",
        "type": "github"
      },
      "original": {
        "owner": "hercules-ci",
        "repo": "flake-parts",
        "type": "github"
      }
    },
    "flake-schemas": {
      "locked": {
        "lastModified": 1780327564,
        "narHash": "sha256-HiRPtA0spK+Dkgbhz/1zW9glXxNVB+L4Rj2VYmdawb8=",
        "rev": "6cc9bd98891b1fc6bb2b8cb3277df8bc72799ca6",
        "revCount": 149,
        "type": "tarball",
        "url": "https://api.flakehub.com/f/pinned/DeterminateSystems/flake-schemas/0.5.0/019e83cf-9af3-78b1-ac5b-70e68ad1efe1/source.tar.gz"
      },
      "original": {
        "type": "tarball",
        "url": "https://flakehub.com/f/DeterminateSystems/flake-schemas/%3D0.5.0.tar.gz"
      }
    },
    "home-manager": {
      "inputs": {
        "nixpkgs": [
          "chaotic",
          "nixpkgs"
        ]
      },
      "locked": {
        "lastModified": 1784129366,
        "narHash": "sha256-N5JiyICSeQF14x+OQebNyPpYowOT9Rs1iKyeCylSzOA=",
        "owner": "nix-community",
        "repo": "home-manager",
        "rev": "165228b0efefc3e635e5174020c40ea64271dc25",
        "type": "github"
      },
      "original": {
        "owner": "nix-community",
        "repo": "home-manager",
        "type": "github"
      }
    },
    "import-tree": {
      "locked": {
        "lastModified": 1784254960,
        "narHash": "sha256-iI88R3wHz8wTKQb5orvpc51L/Xr64AJyxid/0MKa/b8=",
        "owner": "vic",
        "repo": "import-tree",
        "rev": "4ebb10ae17d5f1ad366e7aef5b92cb8eecf24f69",
        "type": "github"
      },
      "original": {
        "owner": "vic",
        "repo": "import-tree",
        "type": "github"
      }
    },
    "niri": {
      "inputs": {
        "niri-stable": "niri-stable",
        "niri-unstable": "niri-unstable",
        "nixpkgs": "nixpkgs_2",
        "nixpkgs-stable": "nixpkgs-stable",
        "xwayland-satellite-stable": "xwayland-satellite-stable",
        "xwayland-satellite-unstable": "xwayland-satellite-unstable"
      },
      "locked": {
        "lastModified": 1784189744,
        "narHash": "sha256-D8oh9imibOynWAOUnvgG3w2EKDYqf8OTTaLCcTA4ePg=",
        "owner": "sodiboo",
        "repo": "niri-flake",
        "rev": "f4b479398c967d2c8d5a38b6d2c87283ae5078c4",
        "type": "github"
      },
      "original": {
        "owner": "sodiboo",
        "repo": "niri-flake",
        "type": "github"
      }
    },
    "niri-stable": {
      "flake": false,
      "locked": {
        "lastModified": 1756556321,
        "narHash": "sha256-RLD89dfjN0RVO86C/Mot0T7aduCygPGaYbog566F0Qo=",
        "owner": "YaLTeR",
        "repo": "niri",
        "rev": "01be0e65f4eb91a9cd624ac0b76aaeab765c7294",
        "type": "github"
      },
      "original": {
        "owner": "YaLTeR",
        "ref": "v25.08",
        "repo": "niri",
        "type": "github"
      }
    },
    "niri-unstable": {
      "flake": false,
      "locked": {
        "lastModified": 1783522755,
        "narHash": "sha256-dI0HkX1djETia7cD/Y64h8BNIsSOfTRMzfNum2J6UhE=",
        "owner": "YaLTeR",
        "repo": "niri",
        "rev": "0777769e719b7c9b7c980d4ea66288bfbb4da5b3",
        "type": "github"
      },
      "original": {
        "owner": "YaLTeR",
        "repo": "niri",
        "type": "github"
      }
    },
    "nixpkgs": {
      "locked": {
        "lastModified": 1784120854,
        "narHash": "sha256-KesHgItiZPgGX740axSiQLcIQ8D24MDqNpkKYWIek8k=",
        "owner": "NixOS",
        "repo": "nixpkgs",
        "rev": "753cc8a3a87467296ddd1fa93f0cc3e81120ee46",
        "type": "github"
      },
      "original": {
        "owner": "NixOS",
        "ref": "nixos-unstable",
        "repo": "nixpkgs",
        "type": "github"
      }
    },
    "nixpkgs-stable": {
      "locked": {
        "lastModified": 1782847189,
        "narHash": "sha256-twXPFqFsrrY5r28Zh7Homgcp2gUMBgQ6WDS98Q/3xFI=",
        "owner": "NixOS",
        "repo": "nixpkgs",
        "rev": "b6018f87da91d19d0ab4cf979885689b469cdd41",
        "type": "github"
      },
      "original": {
        "owner": "NixOS",
        "ref": "nixos-25.11",
        "repo": "nixpkgs",
        "type": "github"
      }
    },
    "nixpkgs_2": {
      "locked": {
        "lastModified": 1784120854,
        "narHash": "sha256-KesHgItiZPgGX740axSiQLcIQ8D24MDqNpkKYWIek8k=",
        "owner": "NixOS",
        "repo": "nixpkgs",
        "rev": "753cc8a3a87467296ddd1fa93f0cc3e81120ee46",
        "type": "github"
      },
      "original": {
        "owner": "NixOS",
        "ref": "nixos-unstable",
        "repo": "nixpkgs",
        "type": "github"
      }
    },
    "nixpkgs_3": {
      "locked": {
        "lastModified": 1784120854,
        "narHash": "sha256-KesHgItiZPgGX740axSiQLcIQ8D24MDqNpkKYWIek8k=",
        "owner": "NixOS",
        "repo": "nixpkgs",
        "rev": "753cc8a3a87467296ddd1fa93f0cc3e81120ee46",
        "type": "github"
      },
      "original": {
        "owner": "NixOS",
        "ref": "nixos-unstable",
        "repo": "nixpkgs",
        "type": "github"
      }
    },
    "nixpkgs_4": {
      "locked": {
        "lastModified": 1783522502,
        "narHash": "sha256-nFgG4gPQueCgP8LidXsdI2lYPrSwTcmDl6afcVn7F/U=",
        "rev": "0bb7ec54c8483066ec9d7720e780a5caa71f8612",
        "type": "tarball",
        "url": "https://releases.nixos.org/nixos/unstable/nixos-26.11pre1031299.0bb7ec54c848/nixexprs.tar.xz"
      },
      "original": {
        "type": "tarball",
        "url": "https://channels.nixos.org/nixos-unstable/nixexprs.tar.xz"
      }
    },
    "noctalia": {
      "inputs": {
        "nixpkgs": "nixpkgs_4"
      },
      "locked": {
        "lastModified": 1784339971,
        "narHash": "sha256-y70boJ1jkHp77eTFX0H9L2F+R6R3hrP5h1S70zARdvc=",
        "owner": "noctalia-dev",
        "repo": "noctalia-shell",
        "rev": "b9a20c98df23d8fb016b8e5a52d4d8bbf3d638a9",
        "type": "github"
      },
      "original": {
        "owner": "noctalia-dev",
        "repo": "noctalia-shell",
        "type": "github"
      }
    },
    "root": {
      "inputs": {
        "chaotic": "chaotic",
        "flake-parts": "flake-parts",
        "import-tree": "import-tree",
        "niri": "niri",
        "nixpkgs": "nixpkgs_3",
        "noctalia": "noctalia"
      }
    },
    "xwayland-satellite-stable": {
      "flake": false,
      "locked": {
        "lastModified": 1755491097,
        "narHash": "sha256-m+9tUfsmBeF2Gn4HWa6vSITZ4Gz1eA1F5Kh62B0N4oE=",
        "owner": "Supreeeme",
        "repo": "xwayland-satellite",
        "rev": "388d291e82ffbc73be18169d39470f340707edaa",
        "type": "github"
      },
      "original": {
        "owner": "Supreeeme",
        "ref": "v0.7",
        "repo": "xwayland-satellite",
        "type": "github"
      }
    },
    "xwayland-satellite-unstable": {
      "flake": false,
      "locked": {
        "lastModified": 1783895132,
        "narHash": "sha256-Dl0Gvrig3EpE962hzF3ETPhUztlfuRhcmlpd8ioHN54=",
        "owner": "Supreeeme",
        "repo": "xwayland-satellite",
        "rev": "a2b5c635d8c8c99b286967658d0d177044887eb8",
        "type": "github"
      },
      "original": {
        "owner": "Supreeeme",
        "repo": "xwayland-satellite",
        "type": "github"
      }
    }
  },
  "root": "root",
  "version": 7
}
