{
  "nodes": {
    "flake-parts": {
      "inputs": {
        "nixpkgs-lib": [
          "nixpkgs"
        ]
      },
      "locked": {
        "lastModified": 1790898470,
        "narHash": "sha256-zTwuwezD0w3hpga6a6P8emidzAZFyWqlNeRBlpWOOl8=",
        "owner": "hercules-ci",
        "repo": "flake-parts",
        "rev": "024633cd702b10285db5cb19b40ad48d2399ba60",
        "type": "github"
      },
      "original": {
        "owner": "hercules-ci",
        "repo": "flake-parts",
        "type": "github"
      }
    },
    "import-tree": {
      "locked": {
        "lastModified": 1788467110,
        "narHash": "sha256-ljEMTXP/rH0tOvDzc9gzwww6KcHRPRnEHzd9lK48V7s=",
        "owner": "vic",
        "repo": "import-tree",
        "rev": "eb1b52eaecc57f7c136d07ae8a93e724dfecac46",
        "type": "github"
      },
      "original": {
        "owner": "vic",
        "repo": "import-tree",
        "type": "github"
      }
    },
    "jovian": {
      "inputs": {
        "nix-github-actions": "nix-github-actions",
        "nixpkgs": [
          "nixpkgs"
        ]
      },
      "locked": {
        "lastModified": 1791445133,
        "narHash": "sha256-eUDmKF3hegZbLER1E2PeZVXDdUvMedFA/3WgFxX45vk=",
        "owner": "Jovian-Experiments",
        "repo": "Jovian-NixOS",
        "rev": "ad20f4914e7e8d9d1168c643904282dee78141be",
        "type": "github"
      },
      "original": {
        "owner": "Jovian-Experiments",
        "repo": "Jovian-NixOS",
        "type": "github"
      }
    },
    "nix-github-actions": {
      "inputs": {
        "nixpkgs": [
          "jovian",
          "nixpkgs"
        ]
      },
      "locked": {
        "lastModified": 1729697500,
        "narHash": "sha256-VFTWrbzDlZyFHHb1AlKRiD/qqCJIripXKiCSFS8fAOY=",
        "owner": "zhaofengli",
        "repo": "nix-github-actions",
        "rev": "e418aeb728b6aa5ca8c5c71974e7159c2df1d8cf",
        "type": "github"
      },
      "original": {
        "owner": "zhaofengli",
        "ref": "matrix-name",
        "repo": "nix-github-actions",
        "type": "github"
      }
    },
    "nixpkgs": {
      "locked": {
        "lastModified": 1791456040,
        "narHash": "sha256-H83yz/do+hjOO0uujHyH8RgtIQP2v7Mw+cLwcZK/xKc=",
        "owner": "NixOS",
        "repo": "nixpkgs",
        "rev": "e7439b6b14ad3cc35d05608ebca9bce01a25f5f8",
        "type": "github"
      },
      "original": {
        "owner": "NixOS",
        "ref": "nixos-unstable",
        "repo": "nixpkgs",
        "type": "github"
      }
    },
    "noctalia": {
      "inputs": {
        "nixpkgs": [
          "nixpkgs"
        ]
      },
      "locked": {
        "lastModified": 1791515269,
        "narHash": "sha256-UdDeKbXyv2CAfB0VaD+Xb2r+kzdedwoh8ZR3zQtucjo=",
        "owner": "noctalia-dev",
        "repo": "noctalia",
        "rev": "da175871820e38446195f0b25c34f3d41f1e862e",
        "type": "github"
      },
      "original": {
        "owner": "noctalia-dev",
        "repo": "noctalia",
        "type": "github"
      }
    },
    "noctalia-greeter": {
      "inputs": {
        "nixpkgs": [
          "nixpkgs"
        ]
      },
      "locked": {
        "lastModified": 1791371992,
        "narHash": "sha256-+M3rbqo/h5z0ayFIg+hWFa6hDewa79IBc0UUMSR0v0c=",
        "owner": "noctalia-dev",
        "repo": "noctalia-greeter",
        "rev": "836071bcbc490c6ab7095d0aae5d0885bd2c5659",
        "type": "github"
      },
      "original": {
        "owner": "noctalia-dev",
        "repo": "noctalia-greeter",
        "type": "github"
      }
    },
    "reshade-shaders": {
      "flake": false,
      "locked": {
        "lastModified": 1790205852,
        "narHash": "sha256-etLUys7rIxZzEdvT6Kmj593+G/UaJWpHdSSnfMZWZTg=",
        "owner": "crosire",
        "repo": "reshade-shaders",
        "rev": "fd0022170615ce0d8162d219bff07232fa6dd84f",
        "type": "github"
      },
      "original": {
        "owner": "crosire",
        "ref": "slim",
        "repo": "reshade-shaders",
        "type": "github"
      }
    },
    "root": {
      "inputs": {
        "flake-parts": "flake-parts",
        "import-tree": "import-tree",
        "jovian": "jovian",
        "nixpkgs": "nixpkgs",
        "noctalia": "noctalia",
        "noctalia-greeter": "noctalia-greeter",
        "reshade-shaders": "reshade-shaders",
        "sweetfx": "sweetfx",
        "umbriel": "umbriel"
      }
    },
    "sweetfx": {
      "flake": false,
      "locked": {
        "lastModified": 1790453595,
        "narHash": "sha256-7swuvINU8FvzT6SHj1U7av6H7p7Dxh5h0el7K7yUluE=",
        "owner": "CeeJayDK",
        "repo": "SweetFX",
        "rev": "93ddf39b357f5da534ed6d34ba4ec8cc7dcfa361",
        "type": "github"
      },
      "original": {
        "owner": "CeeJayDK",
        "repo": "SweetFX",
        "type": "github"
      }
    },
    "umbriel": {
      "inputs": {
        "nixpkgs": [
          "nixpkgs"
        ],
        "xdg-desktop-portal-umbriel": "xdg-desktop-portal-umbriel"
      },
      "locked": {
        "lastModified": 1791512949,
        "narHash": "sha256-Vd6LaW+YXwF1GknC5zOe7NrKMp4uiJrXfLe8OCgbRMo=",
        "ref": "refs/heads/main",
        "rev": "1d01b3aed9ce825719b91fdd087d72307e957e68",
        "revCount": 1206,
        "submodules": true,
        "type": "git",
        "url": "https://github.com/noctalia-dev/umbriel"
      },
      "original": {
        "submodules": true,
        "type": "git",
        "url": "https://github.com/noctalia-dev/umbriel"
      }
    },
    "xdg-desktop-portal-umbriel": {
      "inputs": {
        "nixpkgs": [
          "umbriel",
          "nixpkgs"
        ]
      },
      "locked": {
        "lastModified": 1790459405,
        "narHash": "sha256-xDnu9icpormkETOo8Vn2Qr7Jkrz9ZqRf/jOhqADeeyg=",
        "owner": "noctalia-dev",
        "repo": "xdg-desktop-portal-umbriel",
        "rev": "d6bd72cabd83e3084fb2f2e24898d8ffa4a8c24f",
        "type": "github"
      },
      "original": {
        "owner": "noctalia-dev",
        "repo": "xdg-desktop-portal-umbriel",
        "type": "github"
      }
    }
  },
  "root": "root",
  "version": 7
}
